
Microsoft Visual Studio Solution File, Format Version 12.00
# Visual Studio 15
VisualStudioVersion = 15.0.26228.10
MinimumVisualStudioVersion = 10.0.40219.1
Project("{FAE04EC0-301F-11D3-BF4B-00C04F79EFBC}") = "Mjolnir.IDE.Core", "Mjolnir.IDE.Core\Mjolnir.IDE.Core.csproj", "{FC4902D1-E1CF-4CF7-A465-6E8DB192B9B0}"
EndProject
Project("{FAE04EC0-301F-11D3-BF4B-00C04F79EFBC}") = "Mjolnir.IDE.Sdk", "Mjolnir.IDE.Sdk\Mjolnir.IDE.Sdk.csproj", "{75853632-A8DA-4426-AEC2-A4F2AB34EE5A}"
EndProject
Project("{FAE04EC0-301F-11D3-BF4B-00C04F79EFBC}") = "Mjolnir.IDE.Test", "Mjolnir.IDE.Test\Mjolnir.IDE.Test.csproj", "{CF2E249B-9DDD-4ACA-90EF-E76B03EB6BC4}"
EndProject
Project("{FAE04EC0-301F-11D3-BF4B-00C04F79EFBC}") = "Mjolnir.IDE.Core.UnitTests", "Mjolnir.IDE.UnitTests\Mjolnir.IDE.Core.UnitTests.csproj", "{E1ED77B6-08B5-4B34-8B03-705C789C9EA1}"
EndProject
Project("{FAE04EC0-301F-11D3-BF4B-00C04F79EFBC}") = "Mjolnir.IDE.Test.UITest", "Mjolnir.IDE.Test.UITest\Mjolnir.IDE.Test.UITest.csproj", "{064D3314-FAA9-4C90-AB63-8397F48FF7AA}"
EndProject
Project("{2150E333-8FDC-42A3-9474-1A3956D46DE8}") = "Tests", "Tests", "{96422E8B-0880-4D72-A759-008A83EB7BF3}"
EndProject
Global
	GlobalSection(SolutionConfigurationPlatforms) = preSolution
		Debug|Any CPU = Debug|Any CPU
		Release|Any CPU = Release|Any CPU
	EndGlobalSection
	GlobalSection(ProjectConfigurationPlatforms) = postSolution
		{FC4902D1-E1CF-4CF7-A465-6E8DB192B9B0}.Debug|Any CPU.ActiveCfg = Debug|Any CPU
		{FC4902D1-E1CF-4CF7-A465-6E8DB192B9B0}.Debug|Any CPU.Build.0 = Debug|Any CPU
		{FC4902D1-E1CF-4CF7-A465-6E8DB192B9B0}.Release|Any CPU.ActiveCfg = Release|Any CPU
		{FC4902D1-E1CF-4CF7-A465-6E8DB192B9B0}.Release|Any CPU.Build.0 = Release|Any CPU
		{75853632-A8DA-4426-AEC2-A4F2AB34EE5A}.Debug|Any CPU.ActiveCfg = Debug|Any CPU
		{75853632-A8DA-4426-AEC2-A4F2AB34EE5A}.Debug|Any CPU.Build.0 = Debug|Any CPU
		{75853632-A8DA-4426-AEC2-A4F2AB34EE5A}.Release|Any CPU.ActiveCfg = Release|Any CPU
		{75853632-A8DA-4426-AEC2-A4F2AB34EE5A}.Release|Any CPU.Build.0 = Release|Any CPU
		{CF2E249B-9DDD-4ACA-90EF-E76B03EB6BC4}.Debug|Any CPU.ActiveCfg = Debug|Any CPU
		{CF2E249B-9DDD-4ACA-90EF-E76B03EB6BC4}.Debug|Any CPU.Build.0 = Debug|Any CPU
		{CF2E249B-9DDD-4ACA-90EF-E76B03EB6BC4}.Release|Any CPU.ActiveCfg = Release|Any CPU
		{CF2E249B-9DDD-4ACA-90EF-E76B03EB6BC4}.Release|Any CPU.Build.0 = Release|Any CPU
		{E1ED77B6-08B5-4B34-8B03-705C789C9EA1}.Debug|Any CPU.ActiveCfg = Debug|Any CPU
		{E1ED77B6-08B5-4B34-8B03-705C789C9EA1}.Debug|Any CPU.Build.0 = Debug|Any CPU
		{E1ED77B6-08B5-4B34-8B03-705C789C9EA1}.Release|Any CPU.ActiveCfg = Release|Any CPU
		{E1ED77B6-08B5-4B34-8B03-705C789C9EA1}.Release|Any CPU.Build.0 = Release|Any CPU
		{064D3314-FAA9-4C90-AB63-8397F48FF7AA}.Debug|Any CPU.ActiveCfg = Debug|Any CPU
		{064D3314-FAA9-4C90-AB63-8397F48FF7AA}.Debug|Any CPU.Build.0 = Debug|Any CPU
		{064D3314-FAA9-4C90-AB63-8397F48FF7AA}.Release|Any CPU.ActiveCfg = Release|Any CPU
		{064D3314-FAA9-4C90-AB63-8397F48FF7AA}.Release|Any CPU.Build.0 = Release|Any CPU
	EndGlobalSection
	GlobalSection(SolutionProperties) = preSolution
		HideSolutionNode = FALSE
	EndGlobalSection
	GlobalSection(NestedProjects) = preSolution
		{CF2E249B-9DDD-4ACA-90EF-E76B03EB6BC4} = {96422E8B-0880-4D72-A759-008A83EB7BF3}
		{E1ED77B6-08B5-4B34-8B03-705C789C9EA1} = {96422E8B-0880-4D72-A759-008A83EB7BF3}
		{064D3314-FAA9-4C90-AB63-8397F48FF7AA} = {96422E8B-0880-4D72-A759-008A83EB7BF3}
	EndGlobalSection
EndGlobal
